
Microsoft Visual Studio Solution File, Format Version 12.00
# Visual Studio 15
VisualStudioVersion = 15.0.28307.329
MinimumVisualStudioVersion = 10.0.40219.1
Project("{FAE04EC0-301F-11D3-BF4B-00C04F79EFBC}") = "Angular2Demo", "Angular2Demo\Angular2Demo.csproj", "{C5BA82C4-7EAF-4C62-BA0E-199A572C797C}"
EndProject
Global
	GlobalSection(SolutionConfigurationPlatforms) = preSolution
		Debug|Any CPU = Debug|Any CPU
		Release|Any CPU = Release|Any CPU
	EndGlobalSection
	GlobalSection(ProjectConfigurationPlatforms) = postSolution
		{C5BA82C4-7EAF-4C62-BA0E-199A572C797C}.Debug|Any CPU.ActiveCfg = Debug|Any CPU
		{C5BA82C4-7EAF-4C62-BA0E-199A572C797C}.Debug|Any CPU.Build.0 = Debug|Any CPU
		{C5BA82C4-7EAF-4C62-BA0E-199A572C797C}.Release|Any CPU.ActiveCfg = Release|Any CPU
		{C5BA82C4-7EAF-4C62-BA0E-199A572C797C}.Release|Any CPU.Build.0 = Release|Any CPU
	EndGlobalSection
	GlobalSection(SolutionProperties) = preSolution
		HideSolutionNode = FALSE
	EndGlobalSection
	GlobalSection(ExtensibilityGlobals) = postSolution
		SolutionGuid = {6E047B5E-2366-47DA-AD9B-1A3A9AEBDE57}
	EndGlobalSection
EndGlobal
